
Microsoft Visual Studio Solution File, Format Version 12.00
# Visual Studio Version 17
VisualStudioVersion = 17.0.32112.339
MinimumVisualStudioVersion = 10.0.40219.1
Project("{FAE04EC0-301F-11D3-BF4B-00C04F79EFBC}") = "RegEx", "RegEx\RegEx.csproj", "{04DC7189-0DD8-4A95-96CA-81A5BD9F23CB}"
EndProject
Global
	GlobalSection(SolutionConfigurationPlatforms) = preSolution
		Debug|Any CPU = Debug|Any CPU
		Release|Any CPU = Release|Any CPU
	EndGlobalSection
	GlobalSection(ProjectConfigurationPlatforms) = postSolution
		{04DC7189-0DD8-4A95-96CA-81A5BD9F23CB}.Debug|Any CPU.ActiveCfg = Debug|Any CPU
		{04DC7189-0DD8-4A95-96CA-81A5BD9F23CB}.Debug|Any CPU.Build.0 = Debug|Any CPU
		{04DC7189-0DD8-4A95-96CA-81A5BD9F23CB}.Release|Any CPU.ActiveCfg = Release|Any CPU
		{04DC7189-0DD8-4A95-96CA-81A5BD9F23CB}.Release|Any CPU.Build.0 = Release|Any CPU
	EndGlobalSection
	GlobalSection(SolutionProperties) = preSolution
		HideSolutionNode = FALSE
	EndGlobalSection
	GlobalSection(ExtensibilityGlobals) = postSolution
		SolutionGuid = {499C55EF-3BA4-4E04-B6BC-514FD62DED5C}
	EndGlobalSection
EndGlobal
